
Microsoft Visual Studio Solution File, Format Version 12.00
# Visual Studio 15
VisualStudioVersion = 15.0.26730.16
MinimumVisualStudioVersion = 10.0.40219.1
Project("{FAE04EC0-301F-11D3-BF4B-00C04F79EFBC}") = "PrimeNumbers", "PrimeNumbers\PrimeNumbers.csproj", "{7AA2245B-C6D7-4384-B5B7-DC640CE7A3DB}"
EndProject
Project("{FAE04EC0-301F-11D3-BF4B-00C04F79EFBC}") = "PrimeNumbersTests", "PrimeNumbersTests\PrimeNumbersTests.csproj", "{D5D401A6-D126-4971-951E-1BEEC8DC295F}"
EndProject
Global
	GlobalSection(SolutionConfigurationPlatforms) = preSolution
		Debug|Any CPU = Debug|Any CPU
		Release|Any CPU = Release|Any CPU
	EndGlobalSection
	GlobalSection(ProjectConfigurationPlatforms) = postSolution
		{7AA2245B-C6D7-4384-B5B7-DC640CE7A3DB}.Debug|Any CPU.ActiveCfg = Debug|Any CPU
		{7AA2245B-C6D7-4384-B5B7-DC640CE7A3DB}.Debug|Any CPU.Build.0 = Debug|Any CPU
		{7AA2245B-C6D7-4384-B5B7-DC640CE7A3DB}.Release|Any CPU.ActiveCfg = Release|Any CPU
		{7AA2245B-C6D7-4384-B5B7-DC640CE7A3DB}.Release|Any CPU.Build.0 = Release|Any CPU
		{D5D401A6-D126-4971-951E-1BEEC8DC295F}.Debug|Any CPU.ActiveCfg = Debug|Any CPU
		{D5D401A6-D126-4971-951E-1BEEC8DC295F}.Debug|Any CPU.Build.0 = Debug|Any CPU
		{D5D401A6-D126-4971-951E-1BEEC8DC295F}.Release|Any CPU.ActiveCfg = Release|Any CPU
		{D5D401A6-D126-4971-951E-1BEEC8DC295F}.Release|Any CPU.Build.0 = Release|Any CPU
	EndGlobalSection
	GlobalSection(SolutionProperties) = preSolution
		HideSolutionNode = FALSE
	EndGlobalSection
	GlobalSection(ExtensibilityGlobals) = postSolution
		SolutionGuid = {0C693559-D3F0-49FD-9FC7-D197F49C4BC5}
	EndGlobalSection
EndGlobal
